
Microsoft Visual Studio Solution File, Format Version 12.00
# Visual Studio Version 16
VisualStudioVersion = 16.0.30804.86
MinimumVisualStudioVersion = 10.0.40219.1
Project("{FAE04EC0-301F-11D3-BF4B-00C04F79EFBC}") = "ExamenMVCCore_SusanaSantosMoreno", "ExamenMVCCore_SusanaSantosMoreno\ExamenMVCCore_SusanaSantosMoreno.csproj", "{D10F9345-93F1-4D49-9DAA-71D357BDABCB}"
EndProject
Global
	GlobalSection(SolutionConfigurationPlatforms) = preSolution
		Debug|Any CPU = Debug|Any CPU
		Release|Any CPU = Release|Any CPU
	EndGlobalSection
	GlobalSection(ProjectConfigurationPlatforms) = postSolution
		{D10F9345-93F1-4D49-9DAA-71D357BDABCB}.Debug|Any CPU.ActiveCfg = Debug|Any CPU
		{D10F9345-93F1-4D49-9DAA-71D357BDABCB}.Debug|Any CPU.Build.0 = Debug|Any CPU
		{D10F9345-93F1-4D49-9DAA-71D357BDABCB}.Release|Any CPU.ActiveCfg = Release|Any CPU
		{D10F9345-93F1-4D49-9DAA-71D357BDABCB}.Release|Any CPU.Build.0 = Release|Any CPU
	EndGlobalSection
	GlobalSection(SolutionProperties) = preSolution
		HideSolutionNode = FALSE
	EndGlobalSection
	GlobalSection(ExtensibilityGlobals) = postSolution
		SolutionGuid = {AD1585C9-2B65-409D-A58B-B20179D52F00}
	EndGlobalSection
EndGlobal
